
Microsoft Visual Studio Solution File, Format Version 12.00
# Visual Studio 14
VisualStudioVersion = 14.0.24720.0
MinimumVisualStudioVersion = 10.0.40219.1
Project("{FAE04EC0-301F-11D3-BF4B-00C04F79EFBC}") = "Sport.Core", "Sport.Core\Sport.Core.csproj", "{BCE50D58-0518-45FF-94CF-BE6CF60027DA}"
EndProject
Project("{FAE04EC0-301F-11D3-BF4B-00C04F79EFBC}") = "Sport.Touch", "Sport.Touch\Sport.Touch.csproj", "{7E5629E3-736A-4208-9CB2-E46853797722}"
EndProject
Project("{FAE04EC0-301F-11D3-BF4B-00C04F79EFBC}") = "Sport.Droid", "Sport.Droid\Sport.Droid.csproj", "{83559AF1-8659-4CD0-84C9-88723F48B940}"
EndProject
Project("{FAE04EC0-301F-11D3-BF4B-00C04F79EFBC}") = "Sport.Phone", "Sport.Phone\Sport.Phone.csproj", "{9DD4FF4E-A616-4843-AE25-D3F7E0691094}"
EndProject
Project("{2150E333-8FDC-42A3-9474-1A3956D46DE8}") = "Frontend", "Frontend", "{737E2033-9980-4E73-9DC9-58FA0D73DDD9}"
EndProject
Project("{2150E333-8FDC-42A3-9474-1A3956D46DE8}") = "Backend", "Backend", "{2A86DE7C-1263-4CF9-B42D-2888A55E08E3}"
EndProject
Project("{FAE04EC0-301F-11D3-BF4B-00C04F79EFBC}") = "Sport.Service", "Sport.Service\Sport.Service.csproj", "{E9AF641B-1160-4E2B-A662-38C9A8C2842B}"
EndProject
Project("{FAE04EC0-301F-11D3-BF4B-00C04F79EFBC}") = "Sport.Shared", "Sport.Shared\Sport.Shared.csproj", "{A3B21AED-F4D4-4F08-A9AD-A681167F2890}"
EndProject
Global
	GlobalSection(SolutionConfigurationPlatforms) = preSolution
		Ad-Hoc|Any CPU = Ad-Hoc|Any CPU
		Ad-Hoc|ARM = Ad-Hoc|ARM
		Ad-Hoc|iPhone = Ad-Hoc|iPhone
		Ad-Hoc|iPhoneSimulator = Ad-Hoc|iPhoneSimulator
		Ad-Hoc|x86 = Ad-Hoc|x86
		AppStore|Any CPU = AppStore|Any CPU
		AppStore|ARM = AppStore|ARM
		AppStore|iPhone = AppStore|iPhone
		AppStore|iPhoneSimulator = AppStore|iPhoneSimulator
		AppStore|x86 = AppStore|x86
		Debug|Any CPU = Debug|Any CPU
		Debug|ARM = Debug|ARM
		Debug|iPhone = Debug|iPhone
		Debug|iPhoneSimulator = Debug|iPhoneSimulator
		Debug|x86 = Debug|x86
		Release|Any CPU = Release|Any CPU
		Release|ARM = Release|ARM
		Release|iPhone = Release|iPhone
		Release|iPhoneSimulator = Release|iPhoneSimulator
		Release|x86 = Release|x86
	EndGlobalSection
	GlobalSection(ProjectConfigurationPlatforms) = postSolution
		{BCE50D58-0518-45FF-94CF-BE6CF60027DA}.Ad-Hoc|Any CPU.ActiveCfg = Release|Any CPU
		{BCE50D58-0518-45FF-94CF-BE6CF60027DA}.Ad-Hoc|Any CPU.Build.0 = Release|Any CPU
		{BCE50D58-0518-45FF-94CF-BE6CF60027DA}.Ad-Hoc|ARM.ActiveCfg = Release|Any CPU
		{BCE50D58-0518-45FF-94CF-BE6CF60027DA}.Ad-Hoc|ARM.Build.0 = Release|Any CPU
		{BCE50D58-0518-45FF-94CF-BE6CF60027DA}.Ad-Hoc|iPhone.ActiveCfg = Release|Any CPU
		{BCE50D58-0518-45FF-94CF-BE6CF60027DA}.Ad-Hoc|iPhone.Build.0 = Release|Any CPU
		{BCE50D58-0518-45FF-94CF-BE6CF60027DA}.Ad-Hoc|iPhoneSimulator.ActiveCfg = Release|Any CPU
		{BCE50D58-0518-45FF-94CF-BE6CF60027DA}.Ad-Hoc|iPhoneSimulator.Build.0 = Release|Any CPU
		{BCE50D58-0518-45FF-94CF-BE6CF60027DA}.Ad-Hoc|x86.ActiveCfg = Release|Any CPU
		{BCE50D58-0518-45FF-94CF-BE6CF60027DA}.Ad-Hoc|x86.Build.0 = Release|Any CPU
		{BCE50D58-0518-45FF-94CF-BE6CF60027DA}.AppStore|Any CPU.ActiveCfg = Release|Any CPU
		{BCE50D58-0518-45FF-94CF-BE6CF60027DA}.AppStore|Any CPU.Build.0 = Release|Any CPU
		{BCE50D58-0518-45FF-94CF-BE6CF60027DA}.AppStore|ARM.ActiveCfg = Release|Any CPU
		{BCE50D58-0518-45FF-94CF-BE6CF60027DA}.AppStore|ARM.Build.0 = Release|Any CPU
		{BCE50D58-0518-45FF-94CF-BE6CF60027DA}.AppStore|iPhone.ActiveCfg = Release|Any CPU
		{BCE50D58-0518-45FF-94CF-BE6CF60027DA}.AppStore|iPhone.Build.0 = Release|Any CPU
		{BCE50D58-0518-45FF-94CF-BE6CF60027DA}.AppStore|iPhoneSimulator.ActiveCfg = Release|Any CPU
		{BCE50D58-0518-45FF-94CF-BE6CF60027DA}.AppStore|iPhoneSimulator.Build.0 = Release|Any CPU
		{BCE50D58-0518-45FF-94CF-BE6CF60027DA}.AppStore|x86.ActiveCfg = Release|Any CPU
		{BCE50D58-0518-45FF-94CF-BE6CF60027DA}.AppStore|x86.Build.0 = Release|Any CPU
		{BCE50D58-0518-45FF-94CF-BE6CF60027DA}.Debug|Any CPU.ActiveCfg = Debug|Any CPU
		{BCE50D58-0518-45FF-94CF-BE6CF60027DA}.Debug|Any CPU.Build.0 = Debug|Any CPU
		{BCE50D58-0518-45FF-94CF-BE6CF60027DA}.Debug|ARM.ActiveCfg = Debug|Any CPU
		{BCE50D58-0518-45FF-94CF-BE6CF60027DA}.Debug|ARM.Build.0 = Debug|Any CPU
		{BCE50D58-0518-45FF-94CF-BE6CF60027DA}.Debug|iPhone.ActiveCfg = Debug|Any CPU
		{BCE50D58-0518-45FF-94CF-BE6CF60027DA}.Debug|iPhone.Build.0 = Debug|Any CPU
		{BCE50D58-0518-45FF-94CF-BE6CF60027DA}.Debug|iPhoneSimulator.ActiveCfg = Debug|Any CPU
		{BCE50D58-0518-45FF-94CF-BE6CF60027DA}.Debug|iPhoneSimulator.Build.0 = Debug|Any CPU
		{BCE50D58-0518-45FF-94CF-BE6CF60027DA}.Debug|x86.ActiveCfg = Debug|Any CPU
		{BCE50D58-0518-45FF-94CF-BE6CF60027DA}.Debug|x86.Build.0 = Debug|Any CPU
		{BCE50D58-0518-45FF-94CF-BE6CF60027DA}.Release|Any CPU.ActiveCfg = Release|Any CPU
		{BCE50D58-0518-45FF-94CF-BE6CF60027DA}.Release|Any CPU.Build.0 = Release|Any CPU
		{BCE50D58-0518-45FF-94CF-BE6CF60027DA}.Release|ARM.ActiveCfg = Release|Any CPU
		{BCE50D58-0518-45FF-94CF-BE6CF60027DA}.Release|ARM.Build.0 = Release|Any CPU
		{BCE50D58-0518-45FF-94CF-BE6CF60027DA}.Release|iPhone.ActiveCfg = Release|Any CPU
		{BCE50D58-0518-45FF-94CF-BE6CF60027DA}.Release|iPhone.Build.0 = Release|Any CPU
		{BCE50D58-0518-45FF-94CF-BE6CF60027DA}.Release|iPhoneSimulator.ActiveCfg = Release|Any CPU
		{BCE50D58-0518-45FF-94CF-BE6CF60027DA}.Release|iPhoneSimulator.Build.0 = Release|Any CPU
		{BCE50D58-0518-45FF-94CF-BE6CF60027DA}.Release|x86.ActiveCfg = Release|Any CPU
		{BCE50D58-0518-45FF-94CF-BE6CF60027DA}.Release|x86.Build.0 = Release|Any CPU
		{7E5629E3-736A-4208-9CB2-E46853797722}.Ad-Hoc|Any CPU.ActiveCfg = Ad-Hoc|iPhone
		{7E5629E3-736A-4208-9CB2-E46853797722}.Ad-Hoc|ARM.ActiveCfg = Ad-Hoc|iPhone
		{7E5629E3-736A-4208-9CB2-E46853797722}.Ad-Hoc|iPhone.ActiveCfg = Ad-Hoc|iPhone
		{7E5629E3-736A-4208-9CB2-E46853797722}.Ad-Hoc|iPhone.Build.0 = Ad-Hoc|iPhone
		{7E5629E3-736A-4208-9CB2-E46853797722}.Ad-Hoc|iPhoneSimulator.ActiveCfg = Ad-Hoc|iPhoneSimulator
		{7E5629E3-736A-4208-9CB2-E46853797722}.Ad-Hoc|iPhoneSimulator.Build.0 = Ad-Hoc|iPhoneSimulator
		{7E5629E3-736A-4208-9CB2-E46853797722}.Ad-Hoc|x86.ActiveCfg = Ad-Hoc|iPhone
		{7E5629E3-736A-4208-9CB2-E46853797722}.AppStore|Any CPU.ActiveCfg = AppStore|iPhone
		{7E5629E3-736A-4208-9CB2-E46853797722}.AppStore|ARM.ActiveCfg = AppStore|iPhone
		{7E5629E3-736A-4208-9CB2-E46853797722}.AppStore|iPhone.ActiveCfg = AppStore|iPhone
		{7E5629E3-736A-4208-9CB2-E46853797722}.AppStore|iPhone.Build.0 = AppStore|iPhone
		{7E5629E3-736A-4208-9CB2-E46853797722}.AppStore|iPhoneSimulator.ActiveCfg = AppStore|iPhoneSimulator
		{7E5629E3-736A-4208-9CB2-E46853797722}.AppStore|iPhoneSimulator.Build.0 = AppStore|iPhoneSimulator
		{7E5629E3-736A-4208-9CB2-E46853797722}.AppStore|x86.ActiveCfg = AppStore|iPhone
		{7E5629E3-736A-4208-9CB2-E46853797722}.Debug|Any CPU.ActiveCfg = Debug|iPhone
		{7E5629E3-736A-4208-9CB2-E46853797722}.Debug|ARM.ActiveCfg = Debug|iPhone
		{7E5629E3-736A-4208-9CB2-E46853797722}.Debug|iPhone.ActiveCfg = Debug|iPhone
		{7E5629E3-736A-4208-9CB2-E46853797722}.Debug|iPhone.Build.0 = Debug|iPhone
		{7E5629E3-736A-4208-9CB2-E46853797722}.Debug|iPhoneSimulator.ActiveCfg = Debug|iPhoneSimulator
		{7E5629E3-736A-4208-9CB2-E46853797722}.Debug|iPhoneSimulator.Build.0 = Debug|iPhoneSimulator
		{7E5629E3-736A-4208-9CB2-E46853797722}.Debug|x86.ActiveCfg = Debug|iPhone
		{7E5629E3-736A-4208-9CB2-E46853797722}.Release|Any CPU.ActiveCfg = Release|iPhone
		{7E5629E3-736A-4208-9CB2-E46853797722}.Release|ARM.ActiveCfg = Release|iPhone
		{7E5629E3-736A-4208-9CB2-E46853797722}.Release|iPhone.ActiveCfg = Release|iPhone
		{7E5629E3-736A-4208-9CB2-E46853797722}.Release|iPhone.Build.0 = Release|iPhone
		{7E5629E3-736A-4208-9CB2-E46853797722}.Release|iPhoneSimulator.ActiveCfg = Release|iPhoneSimulator
		{7E5629E3-736A-4208-9CB2-E46853797722}.Release|iPhoneSimulator.Build.0 = Release|iPhoneSimulator
		{7E5629E3-736A-4208-9CB2-E46853797722}.Release|x86.ActiveCfg = Release|iPhone
		{83559AF1-8659-4CD0-84C9-88723F48B940}.Ad-Hoc|Any CPU.ActiveCfg = Release|Any CPU
		{83559AF1-8659-4CD0-84C9-88723F48B940}.Ad-Hoc|Any CPU.Build.0 = Release|Any CPU
		{83559AF1-8659-4CD0-84C9-88723F48B940}.Ad-Hoc|Any CPU.Deploy.0 = Release|Any CPU
		{83559AF1-8659-4CD0-84C9-88723F48B940}.Ad-Hoc|ARM.ActiveCfg = Release|Any CPU
		{83559AF1-8659-4CD0-84C9-88723F48B940}.Ad-Hoc|ARM.Build.0 = Release|Any CPU
		{83559AF1-8659-4CD0-84C9-88723F48B940}.Ad-Hoc|ARM.Deploy.0 = Release|Any CPU
		{83559AF1-8659-4CD0-84C9-88723F48B940}.Ad-Hoc|iPhone.ActiveCfg = Release|Any CPU
		{83559AF1-8659-4CD0-84C9-88723F48B940}.Ad-Hoc|iPhone.Build.0 = Release|Any CPU
		{83559AF1-8659-4CD0-84C9-88723F48B940}.Ad-Hoc|iPhone.Deploy.0 = Release|Any CPU
		{83559AF1-8659-4CD0-84C9-88723F48B940}.Ad-Hoc|iPhoneSimulator.ActiveCfg = Release|Any CPU
		{83559AF1-8659-4CD0-84C9-88723F48B940}.Ad-Hoc|iPhoneSimulator.Build.0 = Release|Any CPU
		{83559AF1-8659-4CD0-84C9-88723F48B940}.Ad-Hoc|iPhoneSimulator.Deploy.0 = Release|Any CPU
		{83559AF1-8659-4CD0-84C9-88723F48B940}.Ad-Hoc|x86.ActiveCfg = Release|Any CPU
		{83559AF1-8659-4CD0-84C9-88723F48B940}.Ad-Hoc|x86.Build.0 = Release|Any CPU
		{83559AF1-8659-4CD0-84C9-88723F48B940}.Ad-Hoc|x86.Deploy.0 = Release|Any CPU
		{83559AF1-8659-4CD0-84C9-88723F48B940}.AppStore|Any CPU.ActiveCfg = Release|Any CPU
		{83559AF1-8659-4CD0-84C9-88723F48B940}.AppStore|Any CPU.Build.0 = Release|Any CPU
		{83559AF1-8659-4CD0-84C9-88723F48B940}.AppStore|Any CPU.Deploy.0 = Release|Any CPU
		{83559AF1-8659-4CD0-84C9-88723F48B940}.AppStore|ARM.ActiveCfg = Release|Any CPU
		{83559AF1-8659-4CD0-84C9-88723F48B940}.AppStore|ARM.Build.0 = Release|Any CPU
		{83559AF1-8659-4CD0-84C9-88723F48B940}.AppStore|ARM.Deploy.0 = Release|Any CPU
		{83559AF1-8659-4CD0-84C9-88723F48B940}.AppStore|iPhone.ActiveCfg = Release|Any CPU
		{83559AF1-8659-4CD0-84C9-88723F48B940}.AppStore|iPhone.Build.0 = Release|Any CPU
		{83559AF1-8659-4CD0-84C9-88723F48B940}.AppStore|iPhone.Deploy.0 = Release|Any CPU
		{83559AF1-8659-4CD0-84C9-88723F48B940}.AppStore|iPhoneSimulator.ActiveCfg = Release|Any CPU
		{83559AF1-8659-4CD0-84C9-88723F48B940}.AppStore|iPhoneSimulator.Build.0 = Release|Any CPU
		{83559AF1-8659-4CD0-84C9-88723F48B940}.AppStore|iPhoneSimulator.Deploy.0 = Release|Any CPU
		{83559AF1-8659-4CD0-84C9-88723F48B940}.AppStore|x86.ActiveCfg = Release|Any CPU
		{83559AF1-8659-4CD0-84C9-88723F48B940}.AppStore|x86.Build.0 = Release|Any CPU
		{83559AF1-8659-4CD0-84C9-88723F48B940}.AppStore|x86.Deploy.0 = Release|Any CPU
		{83559AF1-8659-4CD0-84C9-88723F48B940}.Debug|Any CPU.ActiveCfg = Debug|Any CPU
		{83559AF1-8659-4CD0-84C9-88723F48B940}.Debug|Any CPU.Build.0 = Debug|Any CPU
		{83559AF1-8659-4CD0-84C9-88723F48B940}.Debug|Any CPU.Deploy.0 = Debug|Any CPU
		{83559AF1-8659-4CD0-84C9-88723F48B940}.Debug|ARM.ActiveCfg = Debug|Any CPU
		{83559AF1-8659-4CD0-84C9-88723F48B940}.Debug|ARM.Build.0 = Debug|Any CPU
		{83559AF1-8659-4CD0-84C9-88723F48B940}.Debug|ARM.Deploy.0 = Debug|Any CPU
		{83559AF1-8659-4CD0-84C9-88723F48B940}.Debug|iPhone.ActiveCfg = Debug|Any CPU
		{83559AF1-8659-4CD0-84C9-88723F48B940}.Debug|iPhone.Build.0 = Debug|Any CPU
		{83559AF1-8659-4CD0-84C9-88723F48B940}.Debug|iPhone.Deploy.0 = Debug|Any CPU
		{83559AF1-8659-4CD0-84C9-88723F48B940}.Debug|iPhoneSimulator.ActiveCfg = Debug|Any CPU
		{83559AF1-8659-4CD0-84C9-88723F48B940}.Debug|iPhoneSimulator.Build.0 = Debug|Any CPU
		{83559AF1-8659-4CD0-84C9-88723F48B940}.Debug|iPhoneSimulator.Deploy.0 = Debug|Any CPU
		{83559AF1-8659-4CD0-84C9-88723F48B940}.Debug|x86.ActiveCfg = Debug|Any CPU
		{83559AF1-8659-4CD0-84C9-88723F48B940}.Debug|x86.Build.0 = Debug|Any CPU
		{83559AF1-8659-4CD0-84C9-88723F48B940}.Debug|x86.Deploy.0 = Debug|Any CPU
		{83559AF1-8659-4CD0-84C9-88723F48B940}.Release|Any CPU.ActiveCfg = Release|Any CPU
		{83559AF1-8659-4CD0-84C9-88723F48B940}.Release|Any CPU.Build.0 = Release|Any CPU
		{83559AF1-8659-4CD0-84C9-88723F48B940}.Release|Any CPU.Deploy.0 = Release|Any CPU
		{83559AF1-8659-4CD0-84C9-88723F48B940}.Release|ARM.ActiveCfg = Release|Any CPU
		{83559AF1-8659-4CD0-84C9-88723F48B940}.Release|ARM.Build.0 = Release|Any CPU
		{83559AF1-8659-4CD0-84C9-88723F48B940}.Release|ARM.Deploy.0 = Release|Any CPU
		{83559AF1-8659-4CD0-84C9-88723F48B940}.Release|iPhone.ActiveCfg = Release|Any CPU
		{83559AF1-8659-4CD0-84C9-88723F48B940}.Release|iPhone.Build.0 = Release|Any CPU
		{83559AF1-8659-4CD0-84C9-88723F48B940}.Release|iPhone.Deploy.0 = Release|Any CPU
		{83559AF1-8659-4CD0-84C9-88723F48B940}.Release|iPhoneSimulator.ActiveCfg = Release|Any CPU
		{83559AF1-8659-4CD0-84C9-88723F48B940}.Release|iPhoneSimulator.Build.0 = Release|Any CPU
		{83559AF1-8659-4CD0-84C9-88723F48B940}.Release|iPhoneSimulator.Deploy.0 = Release|Any CPU
		{83559AF1-8659-4CD0-84C9-88723F48B940}.Release|x86.ActiveCfg = Release|Any CPU
		{83559AF1-8659-4CD0-84C9-88723F48B940}.Release|x86.Build.0 = Release|Any CPU
		{83559AF1-8659-4CD0-84C9-88723F48B940}.Release|x86.Deploy.0 = Release|Any CPU
		{9DD4FF4E-A616-4843-AE25-D3F7E0691094}.Ad-Hoc|Any CPU.ActiveCfg = Release|Any CPU
		{9DD4FF4E-A616-4843-AE25-D3F7E0691094}.Ad-Hoc|Any CPU.Build.0 = Release|Any CPU
		{9DD4FF4E-A616-4843-AE25-D3F7E0691094}.Ad-Hoc|Any CPU.Deploy.0 = Release|Any CPU
		{9DD4FF4E-A616-4843-AE25-D3F7E0691094}.Ad-Hoc|ARM.ActiveCfg = Release|ARM
		{9DD4FF4E-A616-4843-AE25-D3F7E0691094}.Ad-Hoc|ARM.Build.0 = Release|ARM
		{9DD4FF4E-A616-4843-AE25-D3F7E0691094}.Ad-Hoc|ARM.Deploy.0 = Release|ARM
		{9DD4FF4E-A616-4843-AE25-D3F7E0691094}.Ad-Hoc|iPhone.ActiveCfg = Release|Any CPU
		{9DD4FF4E-A616-4843-AE25-D3F7E0691094}.Ad-Hoc|iPhone.Build.0 = Release|Any CPU
		{9DD4FF4E-A616-4843-AE25-D3F7E0691094}.Ad-Hoc|iPhone.Deploy.0 = Release|Any CPU
		{9DD4FF4E-A616-4843-AE25-D3F7E0691094}.Ad-Hoc|iPhoneSimulator.ActiveCfg = Release|Any CPU
		{9DD4FF4E-A616-4843-AE25-D3F7E0691094}.Ad-Hoc|iPhoneSimulator.Build.0 = Release|Any CPU
		{9DD4FF4E-A616-4843-AE25-D3F7E0691094}.Ad-Hoc|iPhoneSimulator.Deploy.0 = Release|Any CPU
		{9DD4FF4E-A616-4843-AE25-D3F7E0691094}.Ad-Hoc|x86.ActiveCfg = Release|x86
		{9DD4FF4E-A616-4843-AE25-D3F7E0691094}.Ad-Hoc|x86.Build.0 = Release|x86
		{9DD4FF4E-A616-4843-AE25-D3F7E0691094}.Ad-Hoc|x86.Deploy.0 = Release|x86
		{9DD4FF4E-A616-4843-AE25-D3F7E0691094}.AppStore|Any CPU.ActiveCfg = Release|Any CPU
		{9DD4FF4E-A616-4843-AE25-D3F7E0691094}.AppStore|Any CPU.Build.0 = Release|Any CPU
		{9DD4FF4E-A616-4843-AE25-D3F7E0691094}.AppStore|Any CPU.Deploy.0 = Release|Any CPU
		{9DD4FF4E-A616-4843-AE25-D3F7E0691094}.AppStore|ARM.ActiveCfg = Release|ARM
		{9DD4FF4E-A616-4843-AE25-D3F7E0691094}.AppStore|ARM.Build.0 = Release|ARM
		{9DD4FF4E-A616-4843-AE25-D3F7E0691094}.AppStore|ARM.Deploy.0 = Release|ARM
		{9DD4FF4E-A616-4843-AE25-D3F7E0691094}.AppStore|iPhone.ActiveCfg = Release|Any CPU
		{9DD4FF4E-A616-4843-AE25-D3F7E0691094}.AppStore|iPhone.Build.0 = Release|Any CPU
		{9DD4FF4E-A616-4843-AE25-D3F7E0691094}.AppStore|iPhone.Deploy.0 = Release|Any CPU
		{9DD4FF4E-A616-4843-AE25-D3F7E0691094}.AppStore|iPhoneSimulator.ActiveCfg = Release|Any CPU
		{9DD4FF4E-A616-4843-AE25-D3F7E0691094}.AppStore|iPhoneSimulator.Build.0 = Release|Any CPU
		{9DD4FF4E-A616-4843-AE25-D3F7E0691094}.AppStore|iPhoneSimulator.Deploy.0 = Release|Any CPU
		{9DD4FF4E-A616-4843-AE25-D3F7E0691094}.AppStore|x86.ActiveCfg = Release|x86
		{9DD4FF4E-A616-4843-AE25-D3F7E0691094}.AppStore|x86.Build.0 = Release|x86
		{9DD4FF4E-A616-4843-AE25-D3F7E0691094}.AppStore|x86.Deploy.0 = Release|x86
		{9DD4FF4E-A616-4843-AE25-D3F7E0691094}.Debug|Any CPU.ActiveCfg = Debug|Any CPU
		{9DD4FF4E-A616-4843-AE25-D3F7E0691094}.Debug|Any CPU.Build.0 = Debug|Any CPU
		{9DD4FF4E-A616-4843-AE25-D3F7E0691094}.Debug|Any CPU.Deploy.0 = Debug|Any CPU
		{9DD4FF4E-A616-4843-AE25-D3F7E0691094}.Debug|ARM.ActiveCfg = Debug|ARM
		{9DD4FF4E-A616-4843-AE25-D3F7E0691094}.Debug|ARM.Build.0 = Debug|ARM
		{9DD4FF4E-A616-4843-AE25-D3F7E0691094}.Debug|ARM.Deploy.0 = Debug|ARM
		{9DD4FF4E-A616-4843-AE25-D3F7E0691094}.Debug|iPhone.ActiveCfg = Debug|Any CPU
		{9DD4FF4E-A616-4843-AE25-D3F7E0691094}.Debug|iPhone.Build.0 = Debug|Any CPU
		{9DD4FF4E-A616-4843-AE25-D3F7E0691094}.Debug|iPhone.Deploy.0 = Debug|Any CPU
		{9DD4FF4E-A616-4843-AE25-D3F7E0691094}.Debug|iPhoneSimulator.ActiveCfg = Debug|Any CPU
		{9DD4FF4E-A616-4843-AE25-D3F7E0691094}.Debug|iPhoneSimulator.Build.0 = Debug|Any CPU
		{9DD4FF4E-A616-4843-AE25-D3F7E0691094}.Debug|iPhoneSimulator.Deploy.0 = Debug|Any CPU
		{9DD4FF4E-A616-4843-AE25-D3F7E0691094}.Debug|x86.ActiveCfg = Debug|x86
		{9DD4FF4E-A616-4843-AE25-D3F7E0691094}.Debug|x86.Build.0 = Debug|x86
		{9DD4FF4E-A616-4843-AE25-D3F7E0691094}.Debug|x86.Deploy.0 = Debug|x86
		{9DD4FF4E-A616-4843-AE25-D3F7E0691094}.Release|Any CPU.ActiveCfg = Release|Any CPU
		{9DD4FF4E-A616-4843-AE25-D3F7E0691094}.Release|Any CPU.Build.0 = Release|Any CPU
		{9DD4FF4E-A616-4843-AE25-D3F7E0691094}.Release|Any CPU.Deploy.0 = Release|Any CPU
		{9DD4FF4E-A616-4843-AE25-D3F7E0691094}.Release|ARM.ActiveCfg = Release|ARM
		{9DD4FF4E-A616-4843-AE25-D3F7E0691094}.Release|ARM.Build.0 = Release|ARM
		{9DD4FF4E-A616-4843-AE25-D3F7E0691094}.Release|ARM.Deploy.0 = Release|ARM
		{9DD4FF4E-A616-4843-AE25-D3F7E0691094}.Release|iPhone.ActiveCfg = Release|Any CPU
		{9DD4FF4E-A616-4843-AE25-D3F7E0691094}.Release|iPhone.Build.0 = Release|Any CPU
		{9DD4FF4E-A616-4843-AE25-D3F7E0691094}.Release|iPhone.Deploy.0 = Release|Any CPU
		{9DD4FF4E-A616-4843-AE25-D3F7E0691094}.Release|iPhoneSimulator.ActiveCfg = Release|Any CPU
		{9DD4FF4E-A616-4843-AE25-D3F7E0691094}.Release|iPhoneSimulator.Build.0 = Release|Any CPU
		{9DD4FF4E-A616-4843-AE25-D3F7E0691094}.Release|iPhoneSimulator.Deploy.0 = Release|Any CPU
		{9DD4FF4E-A616-4843-AE25-D3F7E0691094}.Release|x86.ActiveCfg = Release|x86
		{9DD4FF4E-A616-4843-AE25-D3F7E0691094}.Release|x86.Build.0 = Release|x86
		{9DD4FF4E-A616-4843-AE25-D3F7E0691094}.Release|x86.Deploy.0 = Release|x86
		{E9AF641B-1160-4E2B-A662-38C9A8C2842B}.Ad-Hoc|Any CPU.ActiveCfg = Release|Any CPU
		{E9AF641B-1160-4E2B-A662-38C9A8C2842B}.Ad-Hoc|Any CPU.Build.0 = Release|Any CPU
		{E9AF641B-1160-4E2B-A662-38C9A8C2842B}.Ad-Hoc|ARM.ActiveCfg = Release|Any CPU
		{E9AF641B-1160-4E2B-A662-38C9A8C2842B}.Ad-Hoc|ARM.Build.0 = Release|Any CPU
		{E9AF641B-1160-4E2B-A662-38C9A8C2842B}.Ad-Hoc|iPhone.ActiveCfg = Release|Any CPU
		{E9AF641B-1160-4E2B-A662-38C9A8C2842B}.Ad-Hoc|iPhone.Build.0 = Release|Any CPU
		{E9AF641B-1160-4E2B-A662-38C9A8C2842B}.Ad-Hoc|iPhoneSimulator.ActiveCfg = Release|Any CPU
		{E9AF641B-1160-4E2B-A662-38C9A8C2842B}.Ad-Hoc|iPhoneSimulator.Build.0 = Release|Any CPU
		{E9AF641B-1160-4E2B-A662-38C9A8C2842B}.Ad-Hoc|x86.ActiveCfg = Release|Any CPU
		{E9AF641B-1160-4E2B-A662-38C9A8C2842B}.Ad-Hoc|x86.Build.0 = Release|Any CPU
		{E9AF641B-1160-4E2B-A662-38C9A8C2842B}.AppStore|Any CPU.ActiveCfg = Release|Any CPU
		{E9AF641B-1160-4E2B-A662-38C9A8C2842B}.AppStore|Any CPU.Build.0 = Release|Any CPU
		{E9AF641B-1160-4E2B-A662-38C9A8C2842B}.AppStore|ARM.ActiveCfg = Release|Any CPU
		{E9AF641B-1160-4E2B-A662-38C9A8C2842B}.AppStore|ARM.Build.0 = Release|Any CPU
		{E9AF641B-1160-4E2B-A662-38C9A8C2842B}.AppStore|iPhone.ActiveCfg = Release|Any CPU
		{E9AF641B-1160-4E2B-A662-38C9A8C2842B}.AppStore|iPhone.Build.0 = Release|Any CPU
		{E9AF641B-1160-4E2B-A662-38C9A8C2842B}.AppStore|iPhoneSimulator.ActiveCfg = Release|Any CPU
		{E9AF641B-1160-4E2B-A662-38C9A8C2842B}.AppStore|iPhoneSimulator.Build.0 = Release|Any CPU
		{E9AF641B-1160-4E2B-A662-38C9A8C2842B}.AppStore|x86.ActiveCfg = Release|Any CPU
		{E9AF641B-1160-4E2B-A662-38C9A8C2842B}.AppStore|x86.Build.0 = Release|Any CPU
		{E9AF641B-1160-4E2B-A662-38C9A8C2842B}.Debug|Any CPU.ActiveCfg = Debug|Any CPU
		{E9AF641B-1160-4E2B-A662-38C9A8C2842B}.Debug|Any CPU.Build.0 = Debug|Any CPU
		{E9AF641B-1160-4E2B-A662-38C9A8C2842B}.Debug|ARM.ActiveCfg = Debug|Any CPU
		{E9AF641B-1160-4E2B-A662-38C9A8C2842B}.Debug|ARM.Build.0 = Debug|Any CPU
		{E9AF641B-1160-4E2B-A662-38C9A8C2842B}.Debug|iPhone.ActiveCfg = Debug|Any CPU
		{E9AF641B-1160-4E2B-A662-38C9A8C2842B}.Debug|iPhone.Build.0 = Debug|Any CPU
		{E9AF641B-1160-4E2B-A662-38C9A8C2842B}.Debug|iPhoneSimulator.ActiveCfg = Debug|Any CPU
		{E9AF641B-1160-4E2B-A662-38C9A8C2842B}.Debug|iPhoneSimulator.Build.0 = Debug|Any CPU
		{E9AF641B-1160-4E2B-A662-38C9A8C2842B}.Debug|x86.ActiveCfg = Debug|Any CPU
		{E9AF641B-1160-4E2B-A662-38C9A8C2842B}.Debug|x86.Build.0 = Debug|Any CPU
		{E9AF641B-1160-4E2B-A662-38C9A8C2842B}.Release|Any CPU.ActiveCfg = Release|Any CPU
		{E9AF641B-1160-4E2B-A662-38C9A8C2842B}.Release|Any CPU.Build.0 = Release|Any CPU
		{E9AF641B-1160-4E2B-A662-38C9A8C2842B}.Release|ARM.ActiveCfg = Release|Any CPU
		{E9AF641B-1160-4E2B-A662-38C9A8C2842B}.Release|ARM.Build.0 = Release|Any CPU
		{E9AF641B-1160-4E2B-A662-38C9A8C2842B}.Release|iPhone.ActiveCfg = Release|Any CPU
		{E9AF641B-1160-4E2B-A662-38C9A8C2842B}.Release|iPhone.Build.0 = Release|Any CPU
		{E9AF641B-1160-4E2B-A662-38C9A8C2842B}.Release|iPhoneSimulator.ActiveCfg = Release|Any CPU
		{E9AF641B-1160-4E2B-A662-38C9A8C2842B}.Release|iPhoneSimulator.Build.0 = Release|Any CPU
		{E9AF641B-1160-4E2B-A662-38C9A8C2842B}.Release|x86.ActiveCfg = Release|Any CPU
		{E9AF641B-1160-4E2B-A662-38C9A8C2842B}.Release|x86.Build.0 = Release|Any CPU
		{A3B21AED-F4D4-4F08-A9AD-A681167F2890}.Ad-Hoc|Any CPU.ActiveCfg = Release|Any CPU
		{A3B21AED-F4D4-4F08-A9AD-A681167F2890}.Ad-Hoc|Any CPU.Build.0 = Release|Any CPU
		{A3B21AED-F4D4-4F08-A9AD-A681167F2890}.Ad-Hoc|ARM.ActiveCfg = Release|Any CPU
		{A3B21AED-F4D4-4F08-A9AD-A681167F2890}.Ad-Hoc|ARM.Build.0 = Release|Any CPU
		{A3B21AED-F4D4-4F08-A9AD-A681167F2890}.Ad-Hoc|iPhone.ActiveCfg = Release|Any CPU
		{A3B21AED-F4D4-4F08-A9AD-A681167F2890}.Ad-Hoc|iPhone.Build.0 = Release|Any CPU
		{A3B21AED-F4D4-4F08-A9AD-A681167F2890}.Ad-Hoc|iPhoneSimulator.ActiveCfg = Release|Any CPU
		{A3B21AED-F4D4-4F08-A9AD-A681167F2890}.Ad-Hoc|iPhoneSimulator.Build.0 = Release|Any CPU
		{A3B21AED-F4D4-4F08-A9AD-A681167F2890}.Ad-Hoc|x86.ActiveCfg = Release|Any CPU
		{A3B21AED-F4D4-4F08-A9AD-A681167F2890}.Ad-Hoc|x86.Build.0 = Release|Any CPU
		{A3B21AED-F4D4-4F08-A9AD-A681167F2890}.AppStore|Any CPU.ActiveCfg = Release|Any CPU
		{A3B21AED-F4D4-4F08-A9AD-A681167F2890}.AppStore|Any CPU.Build.0 = Release|Any CPU
		{A3B21AED-F4D4-4F08-A9AD-A681167F2890}.AppStore|ARM.ActiveCfg = Release|Any CPU
		{A3B21AED-F4D4-4F08-A9AD-A681167F2890}.AppStore|ARM.Build.0 = Release|Any CPU
		{A3B21AED-F4D4-4F08-A9AD-A681167F2890}.AppStore|iPhone.ActiveCfg = Release|Any CPU
		{A3B21AED-F4D4-4F08-A9AD-A681167F2890}.AppStore|iPhone.Build.0 = Release|Any CPU
		{A3B21AED-F4D4-4F08-A9AD-A681167F2890}.AppStore|iPhoneSimulator.ActiveCfg = Release|Any CPU
		{A3B21AED-F4D4-4F08-A9AD-A681167F2890}.AppStore|iPhoneSimulator.Build.0 = Release|Any CPU
		{A3B21AED-F4D4-4F08-A9AD-A681167F2890}.AppStore|x86.ActiveCfg = Release|Any CPU
		{A3B21AED-F4D4-4F08-A9AD-A681167F2890}.AppStore|x86.Build.0 = Release|Any CPU
		{A3B21AED-F4D4-4F08-A9AD-A681167F2890}.Debug|Any CPU.ActiveCfg = Debug|Any CPU
		{A3B21AED-F4D4-4F08-A9AD-A681167F2890}.Debug|Any CPU.Build.0 = Debug|Any CPU
		{A3B21AED-F4D4-4F08-A9AD-A681167F2890}.Debug|ARM.ActiveCfg = Debug|Any CPU
		{A3B21AED-F4D4-4F08-A9AD-A681167F2890}.Debug|ARM.Build.0 = Debug|Any CPU
		{A3B21AED-F4D4-4F08-A9AD-A681167F2890}.Debug|iPhone.ActiveCfg = Debug|Any CPU
		{A3B21AED-F4D4-4F08-A9AD-A681167F2890}.Debug|iPhone.Build.0 = Debug|Any CPU
		{A3B21AED-F4D4-4F08-A9AD-A681167F2890}.Debug|iPhoneSimulator.ActiveCfg = Debug|Any CPU
		{A3B21AED-F4D4-4F08-A9AD-A681167F2890}.Debug|iPhoneSimulator.Build.0 = Debug|Any CPU
		{A3B21AED-F4D4-4F08-A9AD-A681167F2890}.Debug|x86.ActiveCfg = Debug|Any CPU
		{A3B21AED-F4D4-4F08-A9AD-A681167F2890}.Debug|x86.Build.0 = Debug|Any CPU
		{A3B21AED-F4D4-4F08-A9AD-A681167F2890}.Release|Any CPU.ActiveCfg = Release|Any CPU
		{A3B21AED-F4D4-4F08-A9AD-A681167F2890}.Release|Any CPU.Build.0 = Release|Any CPU
		{A3B21AED-F4D4-4F08-A9AD-A681167F2890}.Release|ARM.ActiveCfg = Release|Any CPU
		{A3B21AED-F4D4-4F08-A9AD-A681167F2890}.Release|ARM.Build.0 = Release|Any CPU
		{A3B21AED-F4D4-4F08-A9AD-A681167F2890}.Release|iPhone.ActiveCfg = Release|Any CPU
		{A3B21AED-F4D4-4F08-A9AD-A681167F2890}.Release|iPhone.Build.0 = Release|Any CPU
		{A3B21AED-F4D4-4F08-A9AD-A681167F2890}.Release|iPhoneSimulator.ActiveCfg = Release|Any CPU
		{A3B21AED-F4D4-4F08-A9AD-A681167F2890}.Release|iPhoneSimulator.Build.0 = Release|Any CPU
		{A3B21AED-F4D4-4F08-A9AD-A681167F2890}.Release|x86.ActiveCfg = Release|Any CPU
		{A3B21AED-F4D4-4F08-A9AD-A681167F2890}.Release|x86.Build.0 = Release|Any CPU
	EndGlobalSection
	GlobalSection(SolutionProperties) = preSolution
		HideSolutionNode = FALSE
	EndGlobalSection
	GlobalSection(NestedProjects) = preSolution
		{BCE50D58-0518-45FF-94CF-BE6CF60027DA} = {737E2033-9980-4E73-9DC9-58FA0D73DDD9}
		{7E5629E3-736A-4208-9CB2-E46853797722} = {737E2033-9980-4E73-9DC9-58FA0D73DDD9}
		{83559AF1-8659-4CD0-84C9-88723F48B940} = {737E2033-9980-4E73-9DC9-58FA0D73DDD9}
		{9DD4FF4E-A616-4843-AE25-D3F7E0691094} = {737E2033-9980-4E73-9DC9-58FA0D73DDD9}
		{E9AF641B-1160-4E2B-A662-38C9A8C2842B} = {2A86DE7C-1263-4CF9-B42D-2888A55E08E3}
	EndGlobalSection
EndGlobal
